
Microsoft Visual Studio Solution File, Format Version 12.00
# Visual Studio 15
VisualStudioVersion = 15.0.28307.572
MinimumVisualStudioVersion = 10.0.40219.1
Project("{FAE04EC0-301F-11D3-BF4B-00C04F79EFBC}") = "ConsoleApp1", "ConsoleApp1\ConsoleApp1.csproj", "{E60689F5-BA37-4832-BE28-BAFA9F65DDBC}"
EndProject
Global
	GlobalSection(SolutionConfigurationPlatforms) = preSolution
		Debug|Any CPU = Debug|Any CPU
		Release|Any CPU = Release|Any CPU
	EndGlobalSection
	GlobalSection(ProjectConfigurationPlatforms) = postSolution
		{E60689F5-BA37-4832-BE28-BAFA9F65DDBC}.Debug|Any CPU.ActiveCfg = Debug|Any CPU
		{E60689F5-BA37-4832-BE28-BAFA9F65DDBC}.Debug|Any CPU.Build.0 = Debug|Any CPU
		{E60689F5-BA37-4832-BE28-BAFA9F65DDBC}.Release|Any CPU.ActiveCfg = Release|Any CPU
		{E60689F5-BA37-4832-BE28-BAFA9F65DDBC}.Release|Any CPU.Build.0 = Release|Any CPU
	EndGlobalSection
	GlobalSection(SolutionProperties) = preSolution
		HideSolutionNode = FALSE
	EndGlobalSection
	GlobalSection(ExtensibilityGlobals) = postSolution
		SolutionGuid = {C306F4B7-BC62-46F9-BF35-B8A506195A20}
	EndGlobalSection
EndGlobal
